{
	"name": "never-land",
	"version": "0.0.1",
	"lockfileVersion": 1,
	"requires": true,
	"dependencies": {
		"@types/geojson": {
			"version": "7946.0.7",
			"resolved": "https://registry.npmjs.org/@types/geojson/-/geojson-7946.0.7.tgz",
			"integrity": "sha512-wE2v81i4C4Ol09RtsWFAqg3BUitWbHSpSlIo+bNdsCJijO9sjme+zm+73ZMCa/qMC8UEERxzGbvmr1cffo2SiQ=="
		},
		"@types/leaflet": {
			"version": "1.5.16",
			"resolved": "https://registry.npmjs.org/@types/leaflet/-/leaflet-1.5.16.tgz",
			"integrity": "sha512-nWWixXp721LfqraX+jxf75NUVQLv/ppBmOUw2tEyblE0J77WYA0WROLdRtYKMLX1RQ5dKzbiFIs5H2GRYrk0JQ==",
			"requires": {
				"@types/geojson": "*"
			}
		},
		"leaflet": {
			"version": "1.6.0",
			"resolved": "https://registry.npmjs.org/leaflet/-/leaflet-1.6.0.tgz",
			"integrity": "sha512-CPkhyqWUKZKFJ6K8umN5/D2wrJ2+/8UIpXppY7QDnUZW5bZL5+SEI2J7GBpwh4LIupOKqbNSQXgqmrEJopHVNQ=="
		}
	}
}
